
Microsoft Visual Studio Solution File, Format Version 12.00
# Visual Studio Version 16
VisualStudioVersion = 16.0.29306.81
MinimumVisualStudioVersion = 10.0.40219.1
Project("{FAE04EC0-301F-11D3-BF4B-00C04F79EFBC}") = "CW-1", "CW-1\CW-1.csproj", "{9056C039-4EF8-4D54-8ABB-4AA496DA5F30}"
EndProject
Global
	GlobalSection(SolutionConfigurationPlatforms) = preSolution
		Debug|Any CPU = Debug|Any CPU
		Release|Any CPU = Release|Any CPU
	EndGlobalSection
	GlobalSection(ProjectConfigurationPlatforms) = postSolution
		{9056C039-4EF8-4D54-8ABB-4AA496DA5F30}.Debug|Any CPU.ActiveCfg = Debug|Any CPU
		{9056C039-4EF8-4D54-8ABB-4AA496DA5F30}.Debug|Any CPU.Build.0 = Debug|Any CPU
		{9056C039-4EF8-4D54-8ABB-4AA496DA5F30}.Release|Any CPU.ActiveCfg = Release|Any CPU
		{9056C039-4EF8-4D54-8ABB-4AA496DA5F30}.Release|Any CPU.Build.0 = Release|Any CPU
	EndGlobalSection
	GlobalSection(SolutionProperties) = preSolution
		HideSolutionNode = FALSE
	EndGlobalSection
	GlobalSection(ExtensibilityGlobals) = postSolution
		SolutionGuid = {8008DF8A-38D6-4F21-9DE1-EF9A9E5467F4}
	EndGlobalSection
EndGlobal
