
Microsoft Visual Studio Solution File, Format Version 12.00
# Visual Studio Version 16
VisualStudioVersion = 16.0.29306.81
MinimumVisualStudioVersion = 10.0.40219.1
Project("{FAE04EC0-301F-11D3-BF4B-00C04F79EFBC}") = "Dev-5", "Dev-5\Dev-5.csproj", "{67A642E3-2641-49FD-B313-38D0F86A3167}"
EndProject
Global
	GlobalSection(SolutionConfigurationPlatforms) = preSolution
		Debug|Any CPU = Debug|Any CPU
		Release|Any CPU = Release|Any CPU
	EndGlobalSection
	GlobalSection(ProjectConfigurationPlatforms) = postSolution
		{67A642E3-2641-49FD-B313-38D0F86A3167}.Debug|Any CPU.ActiveCfg = Debug|Any CPU
		{67A642E3-2641-49FD-B313-38D0F86A3167}.Debug|Any CPU.Build.0 = Debug|Any CPU
		{67A642E3-2641-49FD-B313-38D0F86A3167}.Release|Any CPU.ActiveCfg = Release|Any CPU
		{67A642E3-2641-49FD-B313-38D0F86A3167}.Release|Any CPU.Build.0 = Release|Any CPU
	EndGlobalSection
	GlobalSection(SolutionProperties) = preSolution
		HideSolutionNode = FALSE
	EndGlobalSection
	GlobalSection(ExtensibilityGlobals) = postSolution
		SolutionGuid = {42DDB02A-16F6-44B2-A8C1-A24BDC3ECDAE}
	EndGlobalSection
EndGlobal
