
Microsoft Visual Studio Solution File, Format Version 12.00
# Visual Studio Version 16
VisualStudioVersion = 16.0.29306.81
MinimumVisualStudioVersion = 10.0.40219.1
Project("{FAE04EC0-301F-11D3-BF4B-00C04F79EFBC}") = "Dev-4", "Dev-4\Dev-4.csproj", "{A03AE654-E62E-49C0-88BA-17371923862E}"
EndProject
Global
	GlobalSection(SolutionConfigurationPlatforms) = preSolution
		Debug|Any CPU = Debug|Any CPU
		Release|Any CPU = Release|Any CPU
	EndGlobalSection
	GlobalSection(ProjectConfigurationPlatforms) = postSolution
		{A03AE654-E62E-49C0-88BA-17371923862E}.Debug|Any CPU.ActiveCfg = Debug|Any CPU
		{A03AE654-E62E-49C0-88BA-17371923862E}.Debug|Any CPU.Build.0 = Debug|Any CPU
		{A03AE654-E62E-49C0-88BA-17371923862E}.Release|Any CPU.ActiveCfg = Release|Any CPU
		{A03AE654-E62E-49C0-88BA-17371923862E}.Release|Any CPU.Build.0 = Release|Any CPU
	EndGlobalSection
	GlobalSection(SolutionProperties) = preSolution
		HideSolutionNode = FALSE
	EndGlobalSection
	GlobalSection(ExtensibilityGlobals) = postSolution
		SolutionGuid = {35DB2868-D411-430A-A7F5-54B54605BFFF}
	EndGlobalSection
EndGlobal
